// !$*UTF8*$!
{
	archiveVersion = 1;
	classes = {
	};
	objectVersion = 46;
	objects = {

/* Begin PBXBuildFile section */
		0D66918B0E2D5F98DBB726D1 /* Pods_BeardSQLUITests.framework in Frameworks */ = {isa = PBXBuildFile; fileRef = 16C13D1B4094469663E4729C /* Pods_BeardSQLUITests.framework */; };
		6270397AF8380AF3992612DF /* Pods_BeardSQLTests.framework in Frameworks */ = {isa = PBXBuildFile; fileRef = CB0F7911037277C3FF9DEFC7 /* Pods_BeardSQLTests.framework */; };
		A3DA90301D51577C006AF174 /* AppDelegate.swift in Sources */ = {isa = PBXBuildFile; fileRef = A3DA902F1D51577C006AF174 /* AppDelegate.swift */; };
		A3DA90341D51577C006AF174 /* Assets.xcassets in Resources */ = {isa = PBXBuildFile; fileRef = A3DA90331D51577C006AF174 /* Assets.xcassets */; };
		A3DA90371D51577C006AF174 /* Main.storyboard in Resources */ = {isa = PBXBuildFile; fileRef = A3DA90351D51577C006AF174 /* Main.storyboard */; };
		A3DA90421D51577C006AF174 /* BeardSQLTests.swift in Sources */ = {isa = PBXBuildFile; fileRef = A3DA90411D51577C006AF174 /* BeardSQLTests.swift */; };
		A3DA904D1D51577C006AF174 /* BeardSQLUITests.swift in Sources */ = {isa = PBXBuildFile; fileRef = A3DA904C1D51577C006AF174 /* BeardSQLUITests.swift */; };
		A3DA905C1D515855006AF174 /* ApplicationWindowController.swift in Sources */ = {isa = PBXBuildFile; fileRef = A3DA905B1D515855006AF174 /* ApplicationWindowController.swift */; };
		A3DA905F1D515960006AF174 /* QueryViewController.swift in Sources */ = {isa = PBXBuildFile; fileRef = A3DA905E1D515960006AF174 /* QueryViewController.swift */; };
		F85E74034FC2FBEFB22EA870 /* Pods_BeardSQL.framework in Frameworks */ = {isa = PBXBuildFile; fileRef = 99168D51BBAC326C55E6AC0A /* Pods_BeardSQL.framework */; };
/* End PBXBuildFile section */

/* Begin PBXContainerItemProxy section */
		A3DA903E1D51577C006AF174 /* PBXContainerItemProxy */ = {
			isa = PBXContainerItemProxy;
			containerPortal = A3DA90241D51577C006AF174 /* Project object */;
			proxyType = 1;
			remoteGlobalIDString = A3DA902B1D51577C006AF174;
			remoteInfo = BeardSQL;
		};
		A3DA90491D51577C006AF174 /* PBXContainerItemProxy */ = {
			isa = PBXContainerItemProxy;
			containerPortal = A3DA90241D51577C006AF174 /* Project object */;
			proxyType = 1;
			remoteGlobalIDString = A3DA902B1D51577C006AF174;
			remoteInfo = BeardSQL;
		};
/* End PBXContainerItemProxy section */

/* Begin PBXFileReference section */
		0E9F8379A16ED2005068D6B5 /* Pods-BeardSQL.debug.xcconfig */ = {isa = PBXFileReference; includeInIndex = 1; lastKnownFileType = text.xcconfig; name = "Pods-BeardSQL.debug.xcconfig"; path = "Pods/Target Support Files/Pods-BeardSQL/Pods-BeardSQL.debug.xcconfig"; sourceTree = "<group>"; };
		16C13D1B4094469663E4729C /* Pods_BeardSQLUITests.framework */ = {isa = PBXFileReference; explicitFileType = wrapper.framework; includeInIndex = 0; path = Pods_BeardSQLUITests.framework; sourceTree = BUILT_PRODUCTS_DIR; };
		6C5040C1E1BFBADDC9BB82F9 /* Pods-BeardSQLTests.release.xcconfig */ = {isa = PBXFileReference; includeInIndex = 1; lastKnownFileType = text.xcconfig; name = "Pods-BeardSQLTests.release.xcconfig"; path = "Pods/Target Support Files/Pods-BeardSQLTests/Pods-BeardSQLTests.release.xcconfig"; sourceTree = "<group>"; };
		921028E0D509FB616F124DD7 /* Pods-BeardSQLTests.debug.xcconfig */ = {isa = PBXFileReference; includeInIndex = 1; lastKnownFileType = text.xcconfig; name = "Pods-BeardSQLTests.debug.xcconfig"; path = "Pods/Target Support Files/Pods-BeardSQLTests/Pods-BeardSQLTests.debug.xcconfig"; sourceTree = "<group>"; };
		99168D51BBAC326C55E6AC0A /* Pods_BeardSQL.framework */ = {isa = PBXFileReference; explicitFileType = wrapper.framework; includeInIndex = 0; path = Pods_BeardSQL.framework; sourceTree = BUILT_PRODUCTS_DIR; };
		A3DA902C1D51577C006AF174 /* BeardSQL.app */ = {isa = PBXFileReference; explicitFileType = wrapper.application; includeInIndex = 0; path = BeardSQL.app; sourceTree = BUILT_PRODUCTS_DIR; };
		A3DA902F1D51577C006AF174 /* AppDelegate.swift */ = {isa = PBXFileReference; lastKnownFileType = sourcecode.swift; path = AppDelegate.swift; sourceTree = "<group>"; };
		A3DA90331D51577C006AF174 /* Assets.xcassets */ = {isa = PBXFileReference; lastKnownFileType = folder.assetcatalog; path = Assets.xcassets; sourceTree = "<group>"; };
		A3DA90361D51577C006AF174 /* Base */ = {isa = PBXFileReference; lastKnownFileType = file.storyboard; name = Base; path = Base.lproj/Main.storyboard; sourceTree = "<group>"; };
		A3DA90381D51577C006AF174 /* Info.plist */ = {isa = PBXFileReference; lastKnownFileType = text.plist.xml; path = Info.plist; sourceTree = "<group>"; };
		A3DA903D1D51577C006AF174 /* BeardSQLTests.xctest */ = {isa = PBXFileReference; explicitFileType = wrapper.cfbundle; includeInIndex = 0; path = BeardSQLTests.xctest; sourceTree = BUILT_PRODUCTS_DIR; };
		A3DA90411D51577C006AF174 /* BeardSQLTests.swift */ = {isa = PBXFileReference; lastKnownFileType = sourcecode.swift; path = BeardSQLTests.swift; sourceTree = "<group>"; };
		A3DA90431D51577C006AF174 /* Info.plist */ = {isa = PBXFileReference; lastKnownFileType = text.plist.xml; path = Info.plist; sourceTree = "<group>"; };
		A3DA90481D51577C006AF174 /* BeardSQLUITests.xctest */ = {isa = PBXFileReference; explicitFileType = wrapper.cfbundle; includeInIndex = 0; path = BeardSQLUITests.xctest; sourceTree = BUILT_PRODUCTS_DIR; };
		A3DA904C1D51577C006AF174 /* BeardSQLUITests.swift */ = {isa = PBXFileReference; lastKnownFileType = sourcecode.swift; path = BeardSQLUITests.swift; sourceTree = "<group>"; };
		A3DA904E1D51577C006AF174 /* Info.plist */ = {isa = PBXFileReference; lastKnownFileType = text.plist.xml; path = Info.plist; sourceTree = "<group>"; };
		A3DA905B1D515855006AF174 /* ApplicationWindowController.swift */ = {isa = PBXFileReference; fileEncoding = 4; lastKnownFileType = sourcecode.swift; name = ApplicationWindowController.swift; path = Bootstrap/ApplicationWindowController.swift; sourceTree = "<group>"; };
		A3DA905E1D515960006AF174 /* QueryViewController.swift */ = {isa = PBXFileReference; fileEncoding = 4; lastKnownFileType = sourcecode.swift; name = QueryViewController.swift; path = Views/QueryViewController.swift; sourceTree = "<group>"; };
		A48C678573F3C3B74BD413B7 /* Pods-BeardSQL.release.xcconfig */ = {isa = PBXFileReference; includeInIndex = 1; lastKnownFileType = text.xcconfig; name = "Pods-BeardSQL.release.xcconfig"; path = "Pods/Target Support Files/Pods-BeardSQL/Pods-BeardSQL.release.xcconfig"; sourceTree = "<group>"; };
		C66A5202B20BD82F22518B8C /* Pods-BeardSQLUITests.debug.xcconfig */ = {isa = PBXFileReference; includeInIndex = 1; lastKnownFileType = text.xcconfig; name = "Pods-BeardSQLUITests.debug.xcconfig"; path = "Pods/Target Support Files/Pods-BeardSQLUITests/Pods-BeardSQLUITests.debug.xcconfig"; sourceTree = "<group>"; };
		C81EAF14439EE04852DD09CF /* Pods-BeardSQLUITests.release.xcconfig */ = {isa = PBXFileReference; includeInIndex = 1; lastKnownFileType = text.xcconfig; name = "Pods-BeardSQLUITests.release.xcconfig"; path = "Pods/Target Support Files/Pods-BeardSQLUITests/Pods-BeardSQLUITests.release.xcconfig"; sourceTree = "<group>"; };
		CB0F7911037277C3FF9DEFC7 /* Pods_BeardSQLTests.framework */ = {isa = PBXFileReference; explicitFileType = wrapper.framework; includeInIndex = 0; path = Pods_BeardSQLTests.framework; sourceTree = BUILT_PRODUCTS_DIR; };
/* End PBXFileReference section */

/* Begin PBXFrameworksBuildPhase section */
		A3DA90291D51577C006AF174 /* Frameworks */ = {
			isa = PBXFrameworksBuildPhase;
			buildActionMask = 2147483647;
			files = (
				F85E74034FC2FBEFB22EA870 /* Pods_BeardSQL.framework in Frameworks */,
			);
			runOnlyForDeploymentPostprocessing = 0;
		};
		A3DA903A1D51577C006AF174 /* Frameworks */ = {
			isa = PBXFrameworksBuildPhase;
			buildActionMask = 2147483647;
			files = (
				6270397AF8380AF3992612DF /* Pods_BeardSQLTests.framework in Frameworks */,
			);
			runOnlyForDeploymentPostprocessing = 0;
		};
		A3DA90451D51577C006AF174 /* Frameworks */ = {
			isa = PBXFrameworksBuildPhase;
			buildActionMask = 2147483647;
			files = (
				0D66918B0E2D5F98DBB726D1 /* Pods_BeardSQLUITests.framework in Frameworks */,
			);
			runOnlyForDeploymentPostprocessing = 0;
		};
/* End PBXFrameworksBuildPhase section */

/* Begin PBXGroup section */
		1B63FAD7A1710248DBD23837 /* Frameworks */ = {
			isa = PBXGroup;
			children = (
				99168D51BBAC326C55E6AC0A /* Pods_BeardSQL.framework */,
				CB0F7911037277C3FF9DEFC7 /* Pods_BeardSQLTests.framework */,
				16C13D1B4094469663E4729C /* Pods_BeardSQLUITests.framework */,
			);
			name = Frameworks;
			sourceTree = "<group>";
		};
		A3DA90231D51577C006AF174 = {
			isa = PBXGroup;
			children = (
				A3DA902E1D51577C006AF174 /* BeardSQL */,
				A3DA90401D51577C006AF174 /* BeardSQLTests */,
				A3DA904B1D51577C006AF174 /* BeardSQLUITests */,
				A3DA902D1D51577C006AF174 /* Products */,
				A7BE729389C54BD0CDFCB094 /* Pods */,
				1B63FAD7A1710248DBD23837 /* Frameworks */,
			);
			sourceTree = "<group>";
		};
		A3DA902D1D51577C006AF174 /* Products */ = {
			isa = PBXGroup;
			children = (
				A3DA902C1D51577C006AF174 /* BeardSQL.app */,
				A3DA903D1D51577C006AF174 /* BeardSQLTests.xctest */,
				A3DA90481D51577C006AF174 /* BeardSQLUITests.xctest */,
			);
			name = Products;
			sourceTree = "<group>";
		};
		A3DA902E1D51577C006AF174 /* BeardSQL */ = {
			isa = PBXGroup;
			children = (
				A3DA905D1D515929006AF174 /* Views */,
				A3DA905A1D51581F006AF174 /* Bootstrap */,
				A3DA902F1D51577C006AF174 /* AppDelegate.swift */,
				A3DA90331D51577C006AF174 /* Assets.xcassets */,
				A3DA90351D51577C006AF174 /* Main.storyboard */,
				A3DA90381D51577C006AF174 /* Info.plist */,
			);
			path = BeardSQL;
			sourceTree = "<group>";
		};
		A3DA90401D51577C006AF174 /* BeardSQLTests */ = {
			isa = PBXGroup;
			children = (
				A3DA90411D51577C006AF174 /* BeardSQLTests.swift */,
				A3DA90431D51577C006AF174 /* Info.plist */,
			);
			path = BeardSQLTests;
			sourceTree = "<group>";
		};
		A3DA904B1D51577C006AF174 /* BeardSQLUITests */ = {
			isa = PBXGroup;
			children = (
				A3DA904C1D51577C006AF174 /* BeardSQLUITests.swift */,
				A3DA904E1D51577C006AF174 /* Info.plist */,
			);
			path = BeardSQLUITests;
			sourceTree = "<group>";
		};
		A3DA905A1D51581F006AF174 /* Bootstrap */ = {
			isa = PBXGroup;
			children = (
				A3DA905B1D515855006AF174 /* ApplicationWindowController.swift */,
			);
			name = Bootstrap;
			sourceTree = "<group>";
		};
		A3DA905D1D515929006AF174 /* Views */ = {
			isa = PBXGroup;
			children = (
				A3DA905E1D515960006AF174 /* QueryViewController.swift */,
			);
			name = Views;
			sourceTree = "<group>";
		};
		A7BE729389C54BD0CDFCB094 /* Pods */ = {
			isa = PBXGroup;
			children = (
				0E9F8379A16ED2005068D6B5 /* Pods-BeardSQL.debug.xcconfig */,
				A48C678573F3C3B74BD413B7 /* Pods-BeardSQL.release.xcconfig */,
				921028E0D509FB616F124DD7 /* Pods-BeardSQLTests.debug.xcconfig */,
				6C5040C1E1BFBADDC9BB82F9 /* Pods-BeardSQLTests.release.xcconfig */,
				C66A5202B20BD82F22518B8C /* Pods-BeardSQLUITests.debug.xcconfig */,
				C81EAF14439EE04852DD09CF /* Pods-BeardSQLUITests.release.xcconfig */,
			);
			name = Pods;
			sourceTree = "<group>";
		};
/* End PBXGroup section */

/* Begin PBXNativeTarget section */
		A3DA902B1D51577C006AF174 /* BeardSQL */ = {
			isa = PBXNativeTarget;
			buildConfigurationList = A3DA90511D51577C006AF174 /* Build configuration list for PBXNativeTarget "BeardSQL" */;
			buildPhases = (
				8AA9C15E12949464EB80298D /* [CP] Check Pods Manifest.lock */,
				A3DA90281D51577C006AF174 /* Sources */,
				A3DA90291D51577C006AF174 /* Frameworks */,
				A3DA902A1D51577C006AF174 /* Resources */,
				C5EAD1E4FE648CFCDC74EE0F /* [CP] Embed Pods Frameworks */,
				B2B78697BB6B03A5F66485E3 /* [CP] Copy Pods Resources */,
			);
			buildRules = (
			);
			dependencies = (
			);
			name = BeardSQL;
			productName = BeardSQL;
			productReference = A3DA902C1D51577C006AF174 /* BeardSQL.app */;
			productType = "com.apple.product-type.application";
		};
		A3DA903C1D51577C006AF174 /* BeardSQLTests */ = {
			isa = PBXNativeTarget;
			buildConfigurationList = A3DA90541D51577C006AF174 /* Build configuration list for PBXNativeTarget "BeardSQLTests" */;
			buildPhases = (
				494C837A977C74F3359EDA62 /* [CP] Check Pods Manifest.lock */,
				A3DA90391D51577C006AF174 /* Sources */,
				A3DA903A1D51577C006AF174 /* Frameworks */,
				A3DA903B1D51577C006AF174 /* Resources */,
				39B0613E53E2653C52B422B6 /* [CP] Embed Pods Frameworks */,
				5B6106ADFC4429B0665C5FC0 /* [CP] Copy Pods Resources */,
			);
			buildRules = (
			);
			dependencies = (
				A3DA903F1D51577C006AF174 /* PBXTargetDependency */,
			);
			name = BeardSQLTests;
			productName = BeardSQLTests;
			productReference = A3DA903D1D51577C006AF174 /* BeardSQLTests.xctest */;
			productType = "com.apple.product-type.bundle.unit-test";
		};
		A3DA90471D51577C006AF174 /* BeardSQLUITests */ = {
			isa = PBXNativeTarget;
			buildConfigurationList = A3DA90571D51577C006AF174 /* Build configuration list for PBXNativeTarget "BeardSQLUITests" */;
			buildPhases = (
				F8DCAA7A723BA40B395B1346 /* [CP] Check Pods Manifest.lock */,
				A3DA90441D51577C006AF174 /* Sources */,
				A3DA90451D51577C006AF174 /* Frameworks */,
				A3DA90461D51577C006AF174 /* Resources */,
				3000F9D66383C1E382AF4914 /* [CP] Copy Pods Resources */,
			);
			buildRules = (
			);
			dependencies = (
				A3DA904A1D51577C006AF174 /* PBXTargetDependency */,
			);
			name = BeardSQLUITests;
			productName = BeardSQLUITests;
			productReference = A3DA90481D51577C006AF174 /* BeardSQLUITests.xctest */;
			productType = "com.apple.product-type.bundle.ui-testing";
		};
/* End PBXNativeTarget section */

/* Begin PBXProject section */
		A3DA90241D51577C006AF174 /* Project object */ = {
			isa = PBXProject;
			attributes = {
				LastSwiftUpdateCheck = 0730;
				LastUpgradeCheck = 0730;
				ORGANIZATIONNAME = "Swen van Zanten";
				TargetAttributes = {
					A3DA902B1D51577C006AF174 = {
						CreatedOnToolsVersion = 7.3;
					};
					A3DA903C1D51577C006AF174 = {
						CreatedOnToolsVersion = 7.3;
						TestTargetID = A3DA902B1D51577C006AF174;
					};
					A3DA90471D51577C006AF174 = {
						CreatedOnToolsVersion = 7.3;
						TestTargetID = A3DA902B1D51577C006AF174;
					};
				};
			};
			buildConfigurationList = A3DA90271D51577C006AF174 /* Build configuration list for PBXProject "BeardSQL" */;
			compatibilityVersion = "Xcode 3.2";
			developmentRegion = English;
			hasScannedForEncodings = 0;
			knownRegions = (
				en,
				Base,
			);
			mainGroup = A3DA90231D51577C006AF174;
			productRefGroup = A3DA902D1D51577C006AF174 /* Products */;
			projectDirPath = "";
			projectRoot = "";
			targets = (
				A3DA902B1D51577C006AF174 /* BeardSQL */,
				A3DA903C1D51577C006AF174 /* BeardSQLTests */,
				A3DA90471D51577C006AF174 /* BeardSQLUITests */,
			);
		};
/* End PBXProject section */

/* Begin PBXResourcesBuildPhase section */
		A3DA902A1D51577C006AF174 /* Resources */ = {
			isa = PBXResourcesBuildPhase;
			buildActionMask = 2147483647;
			files = (
				A3DA90341D51577C006AF174 /* Assets.xcassets in Resources */,
				A3DA90371D51577C006AF174 /* Main.storyboard in Resources */,
			);
			runOnlyForDeploymentPostprocessing = 0;
		};
		A3DA903B1D51577C006AF174 /* Resources */ = {
			isa = PBXResourcesBuildPhase;
			buildActionMask = 2147483647;
			files = (
			);
			runOnlyForDeploymentPostprocessing = 0;
		};
		A3DA90461D51577C006AF174 /* Resources */ = {
			isa = PBXResourcesBuildPhase;
			buildActionMask = 2147483647;
			files = (
			);
			runOnlyForDeploymentPostprocessing = 0;
		};
/* End PBXResourcesBuildPhase section */

/* Begin PBXShellScriptBuildPhase section */
		3000F9D66383C1E382AF4914 /* [CP] Copy Pods Resources */ = {
			isa = PBXShellScriptBuildPhase;
			buildActionMask = 2147483647;
			files = (
			);
			inputPaths = (
			);
			name = "[CP] Copy Pods Resources";
			outputPaths = (
			);
			runOnlyForDeploymentPostprocessing = 0;
			shellPath = /bin/sh;
			shellScript = "\"${SRCROOT}/Pods/Target Support Files/Pods-BeardSQLUITests/Pods-BeardSQLUITests-resources.sh\"\n";
			showEnvVarsInLog = 0;
		};
		39B0613E53E2653C52B422B6 /* [CP] Embed Pods Frameworks */ = {
			isa = PBXShellScriptBuildPhase;
			buildActionMask = 2147483647;
			files = (
			);
			inputPaths = (
			);
			name = "[CP] Embed Pods Frameworks";
			outputPaths = (
			);
			runOnlyForDeploymentPostprocessing = 0;
			shellPath = /bin/sh;
			shellScript = "\"${SRCROOT}/Pods/Target Support Files/Pods-BeardSQLTests/Pods-BeardSQLTests-frameworks.sh\"\n";
			showEnvVarsInLog = 0;
		};
		494C837A977C74F3359EDA62 /* [CP] Check Pods Manifest.lock */ = {
			isa = PBXShellScriptBuildPhase;
			buildActionMask = 2147483647;
			files = (
			);
			inputPaths = (
			);
			name = "[CP] Check Pods Manifest.lock";
			outputPaths = (
			);
			runOnlyForDeploymentPostprocessing = 0;
			shellPath = /bin/sh;
			shellScript = "diff \"${PODS_ROOT}/../Podfile.lock\" \"${PODS_ROOT}/Manifest.lock\" > /dev/null\nif [[ $? != 0 ]] ; then\n    cat << EOM\nerror: The sandbox is not in sync with the Podfile.lock. Run 'pod install' or update your CocoaPods installation.\nEOM\n    exit 1\nfi\n";
			showEnvVarsInLog = 0;
		};
		5B6106ADFC4429B0665C5FC0 /* [CP] Copy Pods Resources */ = {
			isa = PBXShellScriptBuildPhase;
			buildActionMask = 2147483647;
			files = (
			);
			inputPaths = (
			);
			name = "[CP] Copy Pods Resources";
			outputPaths = (
			);
			runOnlyForDeploymentPostprocessing = 0;
			shellPath = /bin/sh;
			shellScript = "\"${SRCROOT}/Pods/Target Support Files/Pods-BeardSQLTests/Pods-BeardSQLTests-resources.sh\"\n";
			showEnvVarsInLog = 0;
		};
		8AA9C15E12949464EB80298D /* [CP] Check Pods Manifest.lock */ = {
			isa = PBXShellScriptBuildPhase;
			buildActionMask = 2147483647;
			files = (
			);
			inputPaths = (
			);
			name = "[CP] Check Pods Manifest.lock";
			outputPaths = (
			);
			runOnlyForDeploymentPostprocessing = 0;
			shellPath = /bin/sh;
			shellScript = "diff \"${PODS_ROOT}/../Podfile.lock\" \"${PODS_ROOT}/Manifest.lock\" > /dev/null\nif [[ $? != 0 ]] ; then\n    cat << EOM\nerror: The sandbox is not in sync with the Podfile.lock. Run 'pod install' or update your CocoaPods installation.\nEOM\n    exit 1\nfi\n";
			showEnvVarsInLog = 0;
		};
		B2B78697BB6B03A5F66485E3 /* [CP] Copy Pods Resources */ = {
			isa = PBXShellScriptBuildPhase;
			buildActionMask = 2147483647;
			files = (
			);
			inputPaths = (
			);
			name = "[CP] Copy Pods Resources";
			outputPaths = (
			);
			runOnlyForDeploymentPostprocessing = 0;
			shellPath = /bin/sh;
			shellScript = "\"${SRCROOT}/Pods/Target Support Files/Pods-BeardSQL/Pods-BeardSQL-resources.sh\"\n";
			showEnvVarsInLog = 0;
		};
		C5EAD1E4FE648CFCDC74EE0F /* [CP] Embed Pods Frameworks */ = {
			isa = PBXShellScriptBuildPhase;
			buildActionMask = 2147483647;
			files = (
			);
			inputPaths = (
			);
			name = "[CP] Embed Pods Frameworks";
			outputPaths = (
			);
			runOnlyForDeploymentPostprocessing = 0;
			shellPath = /bin/sh;
			shellScript = "\"${SRCROOT}/Pods/Target Support Files/Pods-BeardSQL/Pods-BeardSQL-frameworks.sh\"\n";
			showEnvVarsInLog = 0;
		};
		F8DCAA7A723BA40B395B1346 /* [CP] Check Pods Manifest.lock */ = {
			isa = PBXShellScriptBuildPhase;
			buildActionMask = 2147483647;
			files = (
			);
			inputPaths = (
			);
			name = "[CP] Check Pods Manifest.lock";
			outputPaths = (
			);
			runOnlyForDeploymentPostprocessing = 0;
			shellPath = /bin/sh;
			shellScript = "diff \"${PODS_ROOT}/../Podfile.lock\" \"${PODS_ROOT}/Manifest.lock\" > /dev/null\nif [[ $? != 0 ]] ; then\n    cat << EOM\nerror: The sandbox is not in sync with the Podfile.lock. Run 'pod install' or update your CocoaPods installation.\nEOM\n    exit 1\nfi\n";
			showEnvVarsInLog = 0;
		};
/* End PBXShellScriptBuildPhase section */

/* Begin PBXSourcesBuildPhase section */
		A3DA90281D51577C006AF174 /* Sources */ = {
			isa = PBXSourcesBuildPhase;
			buildActionMask = 2147483647;
			files = (
				A3DA90301D51577C006AF174 /* AppDelegate.swift in Sources */,
				A3DA905C1D515855006AF174 /* ApplicationWindowController.swift in Sources */,
				A3DA905F1D515960006AF174 /* QueryViewController.swift in Sources */,
			);
			runOnlyForDeploymentPostprocessing = 0;
		};
		A3DA90391D51577C006AF174 /* Sources */ = {
			isa = PBXSourcesBuildPhase;
			buildActionMask = 2147483647;
			files = (
				A3DA90421D51577C006AF174 /* BeardSQLTests.swift in Sources */,
			);
			runOnlyForDeploymentPostprocessing = 0;
		};
		A3DA90441D51577C006AF174 /* Sources */ = {
			isa = PBXSourcesBuildPhase;
			buildActionMask = 2147483647;
			files = (
				A3DA904D1D51577C006AF174 /* BeardSQLUITests.swift in Sources */,
			);
			runOnlyForDeploymentPostprocessing = 0;
		};
/* End PBXSourcesBuildPhase section */

/* Begin PBXTargetDependency section */
		A3DA903F1D51577C006AF174 /* PBXTargetDependency */ = {
			isa = PBXTargetDependency;
			target = A3DA902B1D51577C006AF174 /* BeardSQL */;
			targetProxy = A3DA903E1D51577C006AF174 /* PBXContainerItemProxy */;
		};
		A3DA904A1D51577C006AF174 /* PBXTargetDependency */ = {
			isa = PBXTargetDependency;
			target = A3DA902B1D51577C006AF174 /* BeardSQL */;
			targetProxy = A3DA90491D51577C006AF174 /* PBXContainerItemProxy */;
		};
/* End PBXTargetDependency section */

/* Begin PBXVariantGroup section */
		A3DA90351D51577C006AF174 /* Main.storyboard */ = {
			isa = PBXVariantGroup;
			children = (
				A3DA90361D51577C006AF174 /* Base */,
			);
			name = Main.storyboard;
			sourceTree = "<group>";
		};
/* End PBXVariantGroup section */

/* Begin XCBuildConfiguration section */
		A3DA904F1D51577C006AF174 /* Debug */ = {
			isa = XCBuildConfiguration;
			buildSettings = {
				ALWAYS_SEARCH_USER_PATHS = NO;
				CLANG_ANALYZER_NONNULL = YES;
				CLANG_CXX_LANGUAGE_STANDARD = "gnu++0x";
				CLANG_CXX_LIBRARY = "libc++";
				CLANG_ENABLE_MODULES = YES;
				CLANG_ENABLE_OBJC_ARC = YES;
				CLANG_WARN_BOOL_CONVERSION = YES;
				CLANG_WARN_CONSTANT_CONVERSION = YES;
				CLANG_WARN_DIRECT_OBJC_ISA_USAGE = YES_ERROR;
				CLANG_WARN_EMPTY_BODY = YES;
				CLANG_WARN_ENUM_CONVERSION = YES;
				CLANG_WARN_INT_CONVERSION = YES;
				CLANG_WARN_OBJC_ROOT_CLASS = YES_ERROR;
				CLANG_WARN_UNREACHABLE_CODE = YES;
				CLANG_WARN__DUPLICATE_METHOD_MATCH = YES;
				CODE_SIGN_IDENTITY = "-";
				COPY_PHASE_STRIP = NO;
				DEBUG_INFORMATION_FORMAT = dwarf;
				ENABLE_STRICT_OBJC_MSGSEND = YES;
				ENABLE_TESTABILITY = YES;
				GCC_C_LANGUAGE_STANDARD = gnu99;
				GCC_DYNAMIC_NO_PIC = NO;
				GCC_NO_COMMON_BLOCKS = YES;
				GCC_OPTIMIZATION_LEVEL = 0;
				GCC_PREPROCESSOR_DEFINITIONS = (
					"DEBUG=1",
					"$(inherited)",
				);
				GCC_WARN_64_TO_32_BIT_CONVERSION = YES;
				GCC_WARN_ABOUT_RETURN_TYPE = YES_ERROR;
				GCC_WARN_UNDECLARED_SELECTOR = YES;
				GCC_WARN_UNINITIALIZED_AUTOS = YES_AGGRESSIVE;
				GCC_WARN_UNUSED_FUNCTION = YES;
				GCC_WARN_UNUSED_VARIABLE = YES;
				MACOSX_DEPLOYMENT_TARGET = 10.11;
				MTL_ENABLE_DEBUG_INFO = YES;
				ONLY_ACTIVE_ARCH = YES;
				SDKROOT = macosx;
				SWIFT_OPTIMIZATION_LEVEL = "-Onone";
			};
			name = Debug;
		};
		A3DA90501D51577C006AF174 /* Release */ = {
			isa = XCBuildConfiguration;
			buildSettings = {
				ALWAYS_SEARCH_USER_PATHS = NO;
				CLANG_ANALYZER_NONNULL = YES;
				CLANG_CXX_LANGUAGE_STANDARD = "gnu++0x";
				CLANG_CXX_LIBRARY = "libc++";
				CLANG_ENABLE_MODULES = YES;
				CLANG_ENABLE_OBJC_ARC = YES;
				CLANG_WARN_BOOL_CONVERSION = YES;
				CLANG_WARN_CONSTANT_CONVERSION = YES;
				CLANG_WARN_DIRECT_OBJC_ISA_USAGE = YES_ERROR;
				CLANG_WARN_EMPTY_BODY = YES;
				CLANG_WARN_ENUM_CONVERSION = YES;
				CLANG_WARN_INT_CONVERSION = YES;
				CLANG_WARN_OBJC_ROOT_CLASS = YES_ERROR;
				CLANG_WARN_UNREACHABLE_CODE = YES;
				CLANG_WARN__DUPLICATE_METHOD_MATCH = YES;
				CODE_SIGN_IDENTITY = "-";
				COPY_PHASE_STRIP = NO;
				DEBUG_INFORMATION_FORMAT = "dwarf-with-dsym";
				ENABLE_NS_ASSERTIONS = NO;
				ENABLE_STRICT_OBJC_MSGSEND = YES;
				GCC_C_LANGUAGE_STANDARD = gnu99;
				GCC_NO_COMMON_BLOCKS = YES;
				GCC_WARN_64_TO_32_BIT_CONVERSION = YES;
				GCC_WARN_ABOUT_RETURN_TYPE = YES_ERROR;
				GCC_WARN_UNDECLARED_SELECTOR = YES;
				GCC_WARN_UNINITIALIZED_AUTOS = YES_AGGRESSIVE;
				GCC_WARN_UNUSED_FUNCTION = YES;
				GCC_WARN_UNUSED_VARIABLE = YES;
				MACOSX_DEPLOYMENT_TARGET = 10.11;
				MTL_ENABLE_DEBUG_INFO = NO;
				SDKROOT = macosx;
			};
			name = Release;
		};
		A3DA90521D51577C006AF174 /* Debug */ = {
			isa = XCBuildConfiguration;
			baseConfigurationReference = 0E9F8379A16ED2005068D6B5 /* Pods-BeardSQL.debug.xcconfig */;
			buildSettings = {
				ASSETCATALOG_COMPILER_APPICON_NAME = AppIcon;
				COMBINE_HIDPI_IMAGES = YES;
				INFOPLIST_FILE = BeardSQL/Info.plist;
				LD_RUNPATH_SEARCH_PATHS = "$(inherited) @executable_path/../Frameworks";
				PRODUCT_BUNDLE_IDENTIFIER = nl.hdsign.BeardSQL;
				PRODUCT_NAME = "$(TARGET_NAME)";
			};
			name = Debug;
		};
		A3DA90531D51577C006AF174 /* Release */ = {
			isa = XCBuildConfiguration;
			baseConfigurationReference = A48C678573F3C3B74BD413B7 /* Pods-BeardSQL.release.xcconfig */;
			buildSettings = {
				ASSETCATALOG_COMPILER_APPICON_NAME = AppIcon;
				COMBINE_HIDPI_IMAGES = YES;
				INFOPLIST_FILE = BeardSQL/Info.plist;
				LD_RUNPATH_SEARCH_PATHS = "$(inherited) @executable_path/../Frameworks";
				PRODUCT_BUNDLE_IDENTIFIER = nl.hdsign.BeardSQL;
				PRODUCT_NAME = "$(TARGET_NAME)";
			};
			name = Release;
		};
		A3DA90551D51577C006AF174 /* Debug */ = {
			isa = XCBuildConfiguration;
			baseConfigurationReference = 921028E0D509FB616F124DD7 /* Pods-BeardSQLTests.debug.xcconfig */;
			buildSettings = {
				BUNDLE_LOADER = "$(TEST_HOST)";
				COMBINE_HIDPI_IMAGES = YES;
				INFOPLIST_FILE = BeardSQLTests/Info.plist;
				LD_RUNPATH_SEARCH_PATHS = "$(inherited) @executable_path/../Frameworks @loader_path/../Frameworks";
				PRODUCT_BUNDLE_IDENTIFIER = nl.hdsign.BeardSQLTests;
				PRODUCT_NAME = "$(TARGET_NAME)";
				TEST_HOST = "$(BUILT_PRODUCTS_DIR)/BeardSQL.app/Contents/MacOS/BeardSQL";
			};
			name = Debug;
		};
		A3DA90561D51577C006AF174 /* Release */ = {
			isa = XCBuildConfiguration;
			baseConfigurationReference = 6C5040C1E1BFBADDC9BB82F9 /* Pods-BeardSQLTests.release.xcconfig */;
			buildSettings = {
				BUNDLE_LOADER = "$(TEST_HOST)";
				COMBINE_HIDPI_IMAGES = YES;
				INFOPLIST_FILE = BeardSQLTests/Info.plist;
				LD_RUNPATH_SEARCH_PATHS = "$(inherited) @executable_path/../Frameworks @loader_path/../Frameworks";
				PRODUCT_BUNDLE_IDENTIFIER = nl.hdsign.BeardSQLTests;
				PRODUCT_NAME = "$(TARGET_NAME)";
				TEST_HOST = "$(BUILT_PRODUCTS_DIR)/BeardSQL.app/Contents/MacOS/BeardSQL";
			};
			name = Release;
		};
		A3DA90581D51577C006AF174 /* Debug */ = {
			isa = XCBuildConfiguration;
			baseConfigurationReference = C66A5202B20BD82F22518B8C /* Pods-BeardSQLUITests.debug.xcconfig */;
			buildSettings = {
				COMBINE_HIDPI_IMAGES = YES;
				INFOPLIST_FILE = BeardSQLUITests/Info.plist;
				LD_RUNPATH_SEARCH_PATHS = "$(inherited) @executable_path/../Frameworks @loader_path/../Frameworks";
				PRODUCT_BUNDLE_IDENTIFIER = nl.hdsign.BeardSQLUITests;
				PRODUCT_NAME = "$(TARGET_NAME)";
				TEST_TARGET_NAME = BeardSQL;
			};
			name = Debug;
		};
		A3DA90591D51577C006AF174 /* Release */ = {
			isa = XCBuildConfiguration;
			baseConfigurationReference = C81EAF14439EE04852DD09CF /* Pods-BeardSQLUITests.release.xcconfig */;
			buildSettings = {
				COMBINE_HIDPI_IMAGES = YES;
				INFOPLIST_FILE = BeardSQLUITests/Info.plist;
				LD_RUNPATH_SEARCH_PATHS = "$(inherited) @executable_path/../Frameworks @loader_path/../Frameworks";
				PRODUCT_BUNDLE_IDENTIFIER = nl.hdsign.BeardSQLUITests;
				PRODUCT_NAME = "$(TARGET_NAME)";
				TEST_TARGET_NAME = BeardSQL;
			};
			name = Release;
		};
/* End XCBuildConfiguration section */

/* Begin XCConfigurationList section */
		A3DA90271D51577C006AF174 /* Build configuration list for PBXProject "BeardSQL" */ = {
			isa = XCConfigurationList;
			buildConfigurations = (
				A3DA904F1D51577C006AF174 /* Debug */,
				A3DA90501D51577C006AF174 /* Release */,
			);
			defaultConfigurationIsVisible = 0;
			defaultConfigurationName = Release;
		};
		A3DA90511D51577C006AF174 /* Build configuration list for PBXNativeTarget "BeardSQL" */ = {
			isa = XCConfigurationList;
			buildConfigurations = (
				A3DA90521D51577C006AF174 /* Debug */,
				A3DA90531D51577C006AF174 /* Release */,
			);
			defaultConfigurationIsVisible = 0;
			defaultConfigurationName = Release;
		};
		A3DA90541D51577C006AF174 /* Build configuration list for PBXNativeTarget "BeardSQLTests" */ = {
			isa = XCConfigurationList;
			buildConfigurations = (
				A3DA90551D51577C006AF174 /* Debug */,
				A3DA90561D51577C006AF174 /* Release */,
			);
			defaultConfigurationIsVisible = 0;
			defaultConfigurationName = Release;
		};
		A3DA90571D51577C006AF174 /* Build configuration list for PBXNativeTarget "BeardSQLUITests" */ = {
			isa = XCConfigurationList;
			buildConfigurations = (
				A3DA90581D51577C006AF174 /* Debug */,
				A3DA90591D51577C006AF174 /* Release */,
			);
			defaultConfigurationIsVisible = 0;
			defaultConfigurationName = Release;
		};
/* End XCConfigurationList section */
	};
	rootObject = A3DA90241D51577C006AF174 /* Project object */;
}
